
Microsoft Visual Studio Solution File, Format Version 12.00
# Visual Studio Version 16
VisualStudioVersion = 16.0.32802.440
MinimumVisualStudioVersion = 10.0.40219.1
Project("{FAE04EC0-301F-11D3-BF4B-00C04F79EFBC}") = "WindowsABCD", "WindowsABCD.csproj", "{FA6D1364-3E31-423A-84AA-797E24A0E3F6}"
EndProject
Global
	GlobalSection(SolutionConfigurationPlatforms) = preSolution
		Debug|Any CPU = Debug|Any CPU
		Release|Any CPU = Release|Any CPU
	EndGlobalSection
	GlobalSection(ProjectConfigurationPlatforms) = postSolution
		{FA6D1364-3E31-423A-84AA-797E24A0E3F6}.Debug|Any CPU.ActiveCfg = Debug|Any CPU
		{FA6D1364-3E31-423A-84AA-797E24A0E3F6}.Debug|Any CPU.Build.0 = Debug|Any CPU
		{FA6D1364-3E31-423A-84AA-797E24A0E3F6}.Release|Any CPU.ActiveCfg = Release|Any CPU
		{FA6D1364-3E31-423A-84AA-797E24A0E3F6}.Release|Any CPU.Build.0 = Release|Any CPU
	EndGlobalSection
	GlobalSection(SolutionProperties) = preSolution
		HideSolutionNode = FALSE
	EndGlobalSection
	GlobalSection(ExtensibilityGlobals) = postSolution
		SolutionGuid = {7FDFCA22-0898-4161-BB4E-D743A794C39B}
	EndGlobalSection
EndGlobal
